
Microsoft Visual Studio Solution File, Format Version 12.00
# Visual Studio Version 17
VisualStudioVersion = 17.0.32002.185
MinimumVisualStudioVersion = 10.0.40219.1
Project("{FAE04EC0-301F-11D3-BF4B-00C04F79EFBC}") = "SOMA_DE_2_VETORES", "SOMA_DE_2_VETORES\SOMA_DE_2_VETORES.csproj", "{C3858BEF-E6B6-4215-AC78-EF0C147A1EAB}"
EndProject
Global
	GlobalSection(SolutionConfigurationPlatforms) = preSolution
		Debug|Any CPU = Debug|Any CPU
		Release|Any CPU = Release|Any CPU
	EndGlobalSection
	GlobalSection(ProjectConfigurationPlatforms) = postSolution
		{C3858BEF-E6B6-4215-AC78-EF0C147A1EAB}.Debug|Any CPU.ActiveCfg = Debug|Any CPU
		{C3858BEF-E6B6-4215-AC78-EF0C147A1EAB}.Debug|Any CPU.Build.0 = Debug|Any CPU
		{C3858BEF-E6B6-4215-AC78-EF0C147A1EAB}.Release|Any CPU.ActiveCfg = Release|Any CPU
		{C3858BEF-E6B6-4215-AC78-EF0C147A1EAB}.Release|Any CPU.Build.0 = Release|Any CPU
	EndGlobalSection
	GlobalSection(SolutionProperties) = preSolution
		HideSolutionNode = FALSE
	EndGlobalSection
	GlobalSection(ExtensibilityGlobals) = postSolution
		SolutionGuid = {08A30730-7D91-4312-A978-35C0A3770D0B}
	EndGlobalSection
EndGlobal
